
Microsoft Visual Studio Solution File, Format Version 12.00
# Visual Studio Version 17
VisualStudioVersion = 17.1.32319.34
MinimumVisualStudioVersion = 10.0.40219.1
Project("{FAE04EC0-301F-11D3-BF4B-00C04F79EFBC}") = "HomeWork_oldd", "HomeWork_oldd\HomeWork_oldd.csproj", "{B04E8CC1-911E-4240-AC1C-1F25FF45F9E2}"
EndProject
Global
	GlobalSection(SolutionConfigurationPlatforms) = preSolution
		Debug|Any CPU = Debug|Any CPU
		Release|Any CPU = Release|Any CPU
	EndGlobalSection
	GlobalSection(ProjectConfigurationPlatforms) = postSolution
		{B04E8CC1-911E-4240-AC1C-1F25FF45F9E2}.Debug|Any CPU.ActiveCfg = Debug|Any CPU
		{B04E8CC1-911E-4240-AC1C-1F25FF45F9E2}.Debug|Any CPU.Build.0 = Debug|Any CPU
		{B04E8CC1-911E-4240-AC1C-1F25FF45F9E2}.Release|Any CPU.ActiveCfg = Release|Any CPU
		{B04E8CC1-911E-4240-AC1C-1F25FF45F9E2}.Release|Any CPU.Build.0 = Release|Any CPU
	EndGlobalSection
	GlobalSection(SolutionProperties) = preSolution
		HideSolutionNode = FALSE
	EndGlobalSection
	GlobalSection(ExtensibilityGlobals) = postSolution
		SolutionGuid = {02D95776-2B55-407E-BBEA-13E408F2A14B}
	EndGlobalSection
EndGlobal
