
Microsoft Visual Studio Solution File, Format Version 12.00
# Visual Studio Version 17
VisualStudioVersion = 17.2.32616.157
MinimumVisualStudioVersion = 10.0.40219.1
Project("{FAE04EC0-301F-11D3-BF4B-00C04F79EFBC}") = "Workers_book", "Workers_book\Workers_book.csproj", "{AC996E9E-E9C6-47FA-8C36-3AC1B402A7D2}"
EndProject
Global
	GlobalSection(SolutionConfigurationPlatforms) = preSolution
		Debug|Any CPU = Debug|Any CPU
		Release|Any CPU = Release|Any CPU
	EndGlobalSection
	GlobalSection(ProjectConfigurationPlatforms) = postSolution
		{AC996E9E-E9C6-47FA-8C36-3AC1B402A7D2}.Debug|Any CPU.ActiveCfg = Debug|Any CPU
		{AC996E9E-E9C6-47FA-8C36-3AC1B402A7D2}.Debug|Any CPU.Build.0 = Debug|Any CPU
		{AC996E9E-E9C6-47FA-8C36-3AC1B402A7D2}.Release|Any CPU.ActiveCfg = Release|Any CPU
		{AC996E9E-E9C6-47FA-8C36-3AC1B402A7D2}.Release|Any CPU.Build.0 = Release|Any CPU
	EndGlobalSection
	GlobalSection(SolutionProperties) = preSolution
		HideSolutionNode = FALSE
	EndGlobalSection
	GlobalSection(ExtensibilityGlobals) = postSolution
		SolutionGuid = {F5C59D7C-1108-43EA-8EDF-E936E26E9D3C}
	EndGlobalSection
EndGlobal
