
Microsoft Visual Studio Solution File, Format Version 12.00
# Visual Studio Version 17
VisualStudioVersion = 17.2.32505.173
MinimumVisualStudioVersion = 10.0.40219.1
Project("{FAE04EC0-301F-11D3-BF4B-00C04F79EFBC}") = "Task6_old", "Task6_old\Task6_old.csproj", "{041E6B41-344F-408F-B5A1-BE781887F832}"
EndProject
Global
	GlobalSection(SolutionConfigurationPlatforms) = preSolution
		Debug|Any CPU = Debug|Any CPU
		Release|Any CPU = Release|Any CPU
	EndGlobalSection
	GlobalSection(ProjectConfigurationPlatforms) = postSolution
		{041E6B41-344F-408F-B5A1-BE781887F832}.Debug|Any CPU.ActiveCfg = Debug|Any CPU
		{041E6B41-344F-408F-B5A1-BE781887F832}.Debug|Any CPU.Build.0 = Debug|Any CPU
		{041E6B41-344F-408F-B5A1-BE781887F832}.Release|Any CPU.ActiveCfg = Release|Any CPU
		{041E6B41-344F-408F-B5A1-BE781887F832}.Release|Any CPU.Build.0 = Release|Any CPU
	EndGlobalSection
	GlobalSection(SolutionProperties) = preSolution
		HideSolutionNode = FALSE
	EndGlobalSection
	GlobalSection(ExtensibilityGlobals) = postSolution
		SolutionGuid = {0801B022-AD4A-44A3-9245-1D66C2EB8F9F}
	EndGlobalSection
EndGlobal
